[[package]]
category = "dev"
description = "An abstract syntax tree for Python with inference support."
name = "astroid"
optional = false
python-versions = "~=3.6"
version = "2.7.2"

[package.dependencies]
lazy-object-proxy = ">=1.4.0"
setuptools = ">=20.0"
wrapt = ">=1.11,<1.13"

[package.dependencies.typed-ast]
python = "<3.8"
version = ">=1.4.0,<1.5"

[package.dependencies.typing-extensions]
python = "<3.8"
version = ">=3.7.4"

[[package]]
category = "dev"
description = "Atomic file writes."
name = "atomicwrites"
optional = false
python-versions = ">=2.7, !=3.0.*, !=3.1.*, !=3.2.*, !=3.3.*"
version = "1.4.0"

[[package]]
category = "dev"
description = "Classes Without Boilerplate"
name = "attrs"
optional = false
python-versions = ">=2.7, !=3.0.*, !=3.1.*, !=3.2.*, !=3.3.*, !=3.4.*"
version = "21.2.0"

[package.extras]
dev = ["coverage (>=5.0.2)", "hypothesis", "pympler", "pytest (>=4.3.0)", "six", "mypy", "pytest-mypy-plugins", "zope.interface", "furo", "sphinx", "sphinx-notfound-page", "pre-commit"]
docs = ["furo", "sphinx", "zope.interface", "sphinx-notfound-page"]
tests = ["coverage (>=5.0.2)", "hypothesis", "pympler", "pytest (>=4.3.0)", "six", "mypy", "pytest-mypy-plugins", "zope.interface"]
tests_no_zope = ["coverage (>=5.0.2)", "hypothesis", "pympler", "pytest (>=4.3.0)", "six", "mypy", "pytest-mypy-plugins"]

[[package]]
category = "main"
description = "The AWS SDK for Python"
name = "boto3"
optional = false
python-versions = ">= 3.6"
version = "1.18.26"

[package.dependencies]
botocore = ">=1.21.26,<1.22.0"
jmespath = ">=0.7.1,<1.0.0"
s3transfer = ">=0.5.0,<0.6.0"

[package.extras]
crt = ["botocore (>=1.21.0,<2.0a0)"]

[[package]]
category = "main"
description = "Low-level, data-driven core of boto 3."
name = "botocore"
optional = false
python-versions = ">= 3.6"
version = "1.21.26"

[package.dependencies]
jmespath = ">=0.7.1,<1.0.0"
python-dateutil = ">=2.1,<3.0.0"
urllib3 = ">=1.25.4,<1.27"

[package.extras]
crt = ["awscrt (0.11.24)"]

[[package]]
category = "main"
description = "Python package for providing Mozilla's CA Bundle."
name = "certifi"
optional = false
python-versions = "*"
version = "2021.5.30"

[[package]]
category = "main"
description = "The Real First Universal Charset Detector. Open, modern and actively maintained alternative to Chardet."
marker = "python_version >= \"3\""
name = "charset-normalizer"
optional = false
python-versions = ">=3.5.0"
version = "2.0.4"

[package.extras]
unicode_backport = ["unicodedata2"]

[[package]]
category = "main"
description = "Composable command line interface toolkit"
name = "click"
optional = false
python-versions = ">=2.7, !=3.0.*, !=3.1.*, !=3.2.*, !=3.3.*, !=3.4.*"
version = "7.1.2"

[[package]]
category = "dev"
description = "Cross-platform colored terminal text."
marker = "sys_platform == \"win32\" and python_version != \"3.4\" or sys_platform == \"win32\""
name = "colorama"
optional = false
python-versions = ">=2.7, !=3.0.*, !=3.1.*, !=3.2.*, !=3.3.*, !=3.4.*"
version = "0.4.4"

[[package]]
category = "main"
description = "Internationalized Domain Names in Applications (IDNA)"
marker = "python_version >= \"3\""
name = "idna"
optional = false
python-versions = ">=3.5"
version = "3.2"

[[package]]
category = "dev"
description = "Read metadata from Python packages"
marker = "python_version < \"3.8\""
name = "importlib-metadata"
optional = false
python-versions = ">=3.6"
version = "4.6.4"

[package.dependencies]
zipp = ">=0.5"

[package.dependencies.typing-extensions]
python = "<3.8"
version = ">=3.6.4"

[package.extras]
docs = ["sphinx", "jaraco.packaging (>=8.2)", "rst.linker (>=1.9)"]
perf = ["ipython"]
testing = ["pytest (>=4.6)", "pytest-checkdocs (>=2.4)", "pytest-flake8", "pytest-cov", "pytest-enabler (>=1.0.1)", "packaging", "pep517", "pyfakefs", "flufl.flake8", "pytest-perf (>=0.9.2)", "pytest-black (>=0.3.7)", "pytest-mypy", "importlib-resources (>=1.3)"]

[[package]]
category = "dev"
description = "A Python utility / library to sort Python imports."
name = "isort"
optional = false
python-versions = ">=3.6.1,<4.0"
version = "5.9.3"

[package.extras]
colors = ["colorama (>=0.4.3,<0.5.0)"]
pipfile_deprecated_finder = ["pipreqs", "requirementslib"]
plugins = ["setuptools"]
requirements_deprecated_finder = ["pipreqs", "pip-api"]

[[package]]
category = "main"
description = "JSON Matching Expressions"
name = "jmespath"
optional = false
python-versions = ">=2.6, !=3.0.*, !=3.1.*, !=3.2.*"
version = "0.10.0"

[[package]]
category = "dev"
description = "A fast and thorough lazy object proxy."
name = "lazy-object-proxy"
optional = false
python-versions = ">=2.7, !=3.0.*, !=3.1.*, !=3.2.*, !=3.3.*, !=3.4.*, !=3.5.*"
version = "1.6.0"

[[package]]
category = "main"
description = "Small personal collection of python utility functions"
name = "littleutils"
optional = false
python-versions = "*"
version = "0.2.2"

[[package]]
category = "dev"
description = "McCabe checker, plugin for flake8"
name = "mccabe"
optional = false
python-versions = "*"
version = "0.6.1"

[[package]]
category = "dev"
description = "More routines for operating on iterables, beyond itertools"
marker = "python_version > \"2.7\""
name = "more-itertools"
optional = false
python-versions = ">=3.5"
version = "8.8.0"

[[package]]
category = "main"
description = "Check if a version of a PyPI package is outdated"
name = "outdated"
optional = false
python-versions = "*"
version = "0.2.1"

[package.dependencies]
littleutils = "*"
requests = "*"

[[package]]
category = "dev"
description = "Core utilities for Python packages"
name = "packaging"
optional = false
python-versions = ">=3.6"
version = "21.0"

[package.dependencies]
pyparsing = ">=2.0.2"

[[package]]
category = "dev"
description = "A small Python module for determining appropriate platform-specific dirs, e.g. a \"user data dir\"."
name = "platformdirs"
optional = false
python-versions = ">=3.6"
version = "2.2.0"

[package.extras]
docs = ["Sphinx (>=4)", "furo (>=2021.7.5b38)", "proselint (>=0.10.2)", "sphinx-autodoc-typehints (>=1.12)"]
test = ["appdirs (1.4.4)", "pytest (>=6)", "pytest-cov (>=2.7)", "pytest-mock (>=3.6)"]

[[package]]
category = "dev"
description = "plugin and hook calling mechanisms for python"
name = "pluggy"
optional = false
python-versions = ">=2.7, !=3.0.*, !=3.1.*, !=3.2.*, !=3.3.*"
version = "0.13.1"

[package.dependencies]
[package.dependencies.importlib-metadata]
python = "<3.8"
version = ">=0.12"

[package.extras]
dev = ["pre-commit", "tox"]

[[package]]
category = "dev"
description = "library with cross-python path, ini-parsing, io, code, log facilities"
name = "py"
optional = false
python-versions = ">=2.7, !=3.0.*, !=3.1.*, !=3.2.*, !=3.3.*"
version = "1.10.0"

[[package]]
category = "dev"
description = "Rich assertions library for Python"
name = "pyassert"
optional = false
python-versions = "*"
version = "0.4.2"

[package.dependencies]
six = "*"

[[package]]
category = "dev"
description = "python code static checker"
name = "pylint"
optional = false
python-versions = "~=3.6"
version = "2.10.2"

[package.dependencies]
astroid = ">=2.7.2,<2.8"
colorama = "*"
isort = ">=4.2.5,<6"
mccabe = ">=0.6,<0.7"
platformdirs = ">=2.2.0"
toml = ">=0.7.1"

[[package]]
category = "dev"
description = "Python parsing module"
name = "pyparsing"
optional = false
python-versions = ">=2.6, !=3.0.*, !=3.1.*, !=3.2.*"
version = "2.4.7"

[[package]]
category = "dev"
description = "pytest: simple powerful testing with Python"
name = "pytest"
optional = false
python-versions = "!=3.0.*,!=3.1.*,!=3.2.*,!=3.3.*,>=2.7"
version = "4.6.11"

[package.dependencies]
atomicwrites = ">=1.0"
attrs = ">=17.4.0"
packaging = "*"
pluggy = ">=0.12,<1.0"
py = ">=1.5.0"
six = ">=1.10.0"
wcwidth = "*"

[package.dependencies.colorama]
python = "<3.4.0 || >=3.5.0"
version = "*"

[package.dependencies.importlib-metadata]
python = "<3.8"
version = ">=0.12"

[package.dependencies.more-itertools]
python = ">=2.8"
version = ">=4.0.0"

[package.extras]
testing = ["argcomplete", "hypothesis (>=3.56)", "nose", "requests", "mock"]

[[package]]
category = "main"
description = "Extensions to the standard Python datetime module"
name = "python-dateutil"
optional = false
python-versions = "!=3.0.*,!=3.1.*,!=3.2.*,>=2.7"
version = "2.8.2"

[package.dependencies]
six = ">=1.5"

[[package]]
category = "main"
description = "YAML parser and emitter for Python"
name = "pyyaml"
optional = false
python-versions = ">=2.7, !=3.0.*, !=3.1.*, !=3.2.*, !=3.3.*, !=3.4.*, !=3.5.*"
version = "5.4.1"

[[package]]
category = "main"
description = "Python HTTP for Humans."
name = "requests"
optional = false
python-versions = ">=2.7, !=3.0.*, !=3.1.*, !=3.2.*, !=3.3.*, !=3.4.*, !=3.5.*"
version = "2.26.0"

[package.dependencies]
certifi = ">=2017.4.17"
urllib3 = ">=1.21.1,<1.27"

[package.dependencies.charset-normalizer]
python = ">=3"
version = ">=2.0.0,<2.1.0"

[package.dependencies.idna]
python = ">=3"
version = ">=2.5,<4"

[package.extras]
socks = ["PySocks (>=1.5.6,<1.5.7 || >1.5.7)", "win-inet-pton"]
use_chardet_on_py3 = ["chardet (>=3.0.2,<5)"]

[[package]]
category = "dev"
description = "a python refactoring library..."
name = "rope"
optional = false
python-versions = "*"
version = "0.18.0"

[package.extras]
dev = ["pytest"]

[[package]]
category = "main"
description = "An Amazon S3 Transfer Manager"
name = "s3transfer"
optional = false
python-versions = ">= 3.6"
version = "0.5.0"

[package.dependencies]
botocore = ">=1.12.36,<2.0a.0"

[package.extras]
crt = ["botocore (>=1.20.29,<2.0a.0)"]

[[package]]
category = "main"
description = "Python 2 and 3 compatibility utilities"
name = "six"
optional = false
python-versions = ">=2.7, !=3.0.*, !=3.1.*, !=3.2.*"
version = "1.16.0"

[[package]]
category = "main"
description = "Pretty-print tabular data"
name = "tabulate"
optional = false
python-versions = "*"
version = "0.8.9"

[package.extras]
widechars = ["wcwidth"]

[[package]]
category = "main"
description = "ANSII Color formatting for output in terminal."
name = "termcolor"
optional = false
python-versions = "*"
version = "1.1.0"

[[package]]
category = "dev"
description = "Python Library for Tom's Obvious, Minimal Language"
name = "toml"
optional = false
python-versions = ">=2.6, !=3.0.*, !=3.1.*, !=3.2.*"
version = "0.10.2"

[[package]]
category = "dev"
description = "a fork of Python 2 and 3 ast modules with type comment support"
marker = "implementation_name == \"cpython\" and python_version < \"3.8\""
name = "typed-ast"
optional = false
python-versions = "*"
version = "1.4.3"

[[package]]
category = "dev"
description = "Backported and Experimental Type Hints for Python 3.5+"
marker = "python_version < \"3.8\""
name = "typing-extensions"
optional = false
python-versions = "*"
version = "3.10.0.0"

[[package]]
category = "main"
description = "HTTP library with thread-safe connection pooling, file post, and more."
name = "urllib3"
optional = false
python-versions = ">=2.7, !=3.0.*, !=3.1.*, !=3.2.*, !=3.3.*, !=3.4.*, <4"
version = "1.26.6"

[package.extras]
brotli = ["brotlipy (>=0.6.0)"]
secure = ["pyOpenSSL (>=0.14)", "cryptography (>=1.3.4)", "idna (>=2.0.0)", "certifi", "ipaddress"]
socks = ["PySocks (>=1.5.6,<1.5.7 || >1.5.7,<2.0)"]

[[package]]
category = "dev"
description = "Measures the displayed width of unicode strings in a terminal"
name = "wcwidth"
optional = false
python-versions = "*"
version = "0.2.5"

[[package]]
category = "dev"
description = "Module for decorators, wrappers and monkey patching."
name = "wrapt"
optional = false
python-versions = "*"
version = "1.12.1"

[[package]]
category = "dev"
description = "Backport of pathlib-compatible object wrapper for zip files"
marker = "python_version < \"3.8\""
name = "zipp"
optional = false
python-versions = ">=3.6"
version = "3.5.0"

[package.extras]
docs = ["sphinx", "jaraco.packaging (>=8.2)", "rst.linker (>=1.9)"]
testing = ["pytest (>=4.6)", "pytest-checkdocs (>=2.4)", "pytest-flake8", "pytest-cov", "pytest-enabler (>=1.0.1)", "jaraco.itertools", "func-timeout", "pytest-black (>=0.3.7)", "pytest-mypy"]

[metadata]
content-hash = "77c14d874143bb7db8cf0e6ecf97f1c48d5f8f7a3e3ff7747f0c7ed56c638508"
python-versions = "^3.7"

[metadata.files]
astroid = [
    {file = "astroid-2.7.2-py3-none-any.whl", hash = "sha256:ecc50f9b3803ebf8ea19aa2c6df5622d8a5c31456a53c741d3be044d96ff0948"},
    {file = "astroid-2.7.2.tar.gz", hash = "sha256:b6c2d75cd7c2982d09e7d41d70213e863b3ba34d3bd4014e08f167cee966e99e"},
]
atomicwrites = [
    {file = "atomicwrites-1.4.0-py2.py3-none-any.whl", hash = "sha256:6d1784dea7c0c8d4a5172b6c620f40b6e4cbfdf96d783691f2e1302a7b88e197"},
    {file = "atomicwrites-1.4.0.tar.gz", hash = "sha256:ae70396ad1a434f9c7046fd2dd196fc04b12f9e91ffb859164193be8b6168a7a"},
]
attrs = [
    {file = "attrs-21.2.0-py2.py3-none-any.whl", hash = "sha256:149e90d6d8ac20db7a955ad60cf0e6881a3f20d37096140088356da6c716b0b1"},
    {file = "attrs-21.2.0.tar.gz", hash = "sha256:ef6aaac3ca6cd92904cdd0d83f629a15f18053ec84e6432106f7a4d04ae4f5fb"},
]
boto3 = [
    {file = "boto3-1.18.26-py3-none-any.whl", hash = "sha256:3eedef0719639892dc263bed7adfc00821544388e3d86a6fa31d82f936a6b613"},
    {file = "boto3-1.18.26.tar.gz", hash = "sha256:39ed0f5004b671e4a4241ae23023ad63674cd25f766bfe1617cfc809728bc3e0"},
]
botocore = [
    {file = "botocore-1.21.26-py3-none-any.whl", hash = "sha256:37f77bf5f72c86d9b5f38e107c3822da66dbf0ef123768a6e80a58590c2796bf"},
    {file = "botocore-1.21.26.tar.gz", hash = "sha256:911246faac450e13a3ef0e81993dd9bd9c282a7c0f4546bfe8cccf9649364cef"},
]
certifi = [
    {file = "certifi-2021.5.30-py2.py3-none-any.whl", hash = "sha256:50b1e4f8446b06f41be7dd6338db18e0990601dce795c2b1686458aa7e8fa7d8"},
    {file = "certifi-2021.5.30.tar.gz", hash = "sha256:2bbf76fd432960138b3ef6dda3dde0544f27cbf8546c458e60baf371917ba9ee"},
]
charset-normalizer = [
    {file = "charset-normalizer-2.0.4.tar.gz", hash = "sha256:f23667ebe1084be45f6ae0538e4a5a865206544097e4e8bbcacf42cd02a348f3"},
    {file = "charset_normalizer-2.0.4-py3-none-any.whl", hash = "sha256:0c8911edd15d19223366a194a513099a302055a962bca2cec0f54b8b63175d8b"},
]
click = [
    {file = "click-7.1.2-py2.py3-none-any.whl", hash = "sha256:dacca89f4bfadd5de3d7489b7c8a566eee0d3676333fbb50030263894c38c0dc"},
    {file = "click-7.1.2.tar.gz", hash = "sha256:d2b5255c7c6349bc1bd1e59e08cd12acbbd63ce649f2588755783aa94dfb6b1a"},
]
colorama = [
    {file = "colorama-0.4.4-py2.py3-none-any.whl", hash = "sha256:9f47eda37229f68eee03b24b9748937c7dc3868f906e8ba69fbcbdd3bc5dc3e2"},
    {file = "colorama-0.4.4.tar.gz", hash = "sha256:5941b2b48a20143d2267e95b1c2a7603ce057ee39fd88e7329b0c292aa16869b"},
]
idna = [
    {file = "idna-3.2-py3-none-any.whl", hash = "sha256:14475042e284991034cb48e06f6851428fb14c4dc953acd9be9a5e95c7b6dd7a"},
    {file = "idna-3.2.tar.gz", hash = "sha256:467fbad99067910785144ce333826c71fb0e63a425657295239737f7ecd125f3"},
]
importlib-metadata = [
    {file = "importlib_metadata-4.6.4-py3-none-any.whl", hash = "sha256:ed5157fef23a4bc4594615a0dd8eba94b2bb36bf2a343fa3d8bb2fa0a62a99d5"},
    {file = "importlib_metadata-4.6.4.tar.gz", hash = "sha256:7b30a78db2922d78a6f47fb30683156a14f3c6aa5cc23f77cc8967e9ab2d002f"},
]
isort = [
    {file = "isort-5.9.3-py3-none-any.whl", hash = "sha256:e17d6e2b81095c9db0a03a8025a957f334d6ea30b26f9ec70805411e5c7c81f2"},
    {file = "isort-5.9.3.tar.gz", hash = "sha256:9c2ea1e62d871267b78307fe511c0838ba0da28698c5732d54e2790bf3ba9899"},
]
jmespath = [
    {file = "jmespath-0.10.0-py2.py3-none-any.whl", hash = "sha256:cdf6525904cc597730141d61b36f2e4b8ecc257c420fa2f4549bac2c2d0cb72f"},
    {file = "jmespath-0.10.0.tar.gz", hash = "sha256:b85d0567b8666149a93172712e68920734333c0ce7e89b78b3e987f71e5ed4f9"},
]
lazy-object-proxy = [
    {file = "lazy-object-proxy-1.6.0.tar.gz", hash = "sha256:489000d368377571c6f982fba6497f2aa13c6d1facc40660963da62f5c379726"},
    {file = "lazy_object_proxy-1.6.0-cp27-cp27m-macosx_10_14_x86_64.whl", hash = "sha256:c6938967f8528b3668622a9ed3b31d145fab161a32f5891ea7b84f6b790be05b"},
    {file = "lazy_object_proxy-1.6.0-cp27-cp27m-win32.whl", hash = "sha256:ebfd274dcd5133e0afae738e6d9da4323c3eb021b3e13052d8cbd0e457b1256e"},
    {file = "lazy_object_proxy-1.6.0-cp27-cp27m-win_amd64.whl", hash = "sha256:ed361bb83436f117f9917d282a456f9e5009ea12fd6de8742d1a4752c3017e93"},
    {file = "lazy_object_proxy-1.6.0-cp27-cp27mu-manylinux1_x86_64.whl", hash = "sha256:d900d949b707778696fdf01036f58c9876a0d8bfe116e8d220cfd4b15f14e741"},
    {file = "lazy_object_proxy-1.6.0-cp36-cp36m-manylinux1_x86_64.whl", hash = "sha256:5743a5ab42ae40caa8421b320ebf3a998f89c85cdc8376d6b2e00bd12bd1b587"},
    {file = "lazy_object_proxy-1.6.0-cp36-cp36m-manylinux2014_aarch64.whl", hash = "sha256:bf34e368e8dd976423396555078def5cfc3039ebc6fc06d1ae2c5a65eebbcde4"},
    {file = "lazy_object_proxy-1.6.0-cp36-cp36m-win32.whl", hash = "sha256:b579f8acbf2bdd9ea200b1d5dea36abd93cabf56cf626ab9c744a432e15c815f"},
    {file = "lazy_object_proxy-1.6.0-cp36-cp36m-win_amd64.whl", hash = "sha256:4f60460e9f1eb632584c9685bccea152f4ac2130e299784dbaf9fae9f49891b3"},
    {file = "lazy_object_proxy-1.6.0-cp37-cp37m-manylinux1_x86_64.whl", hash = "sha256:d7124f52f3bd259f510651450e18e0fd081ed82f3c08541dffc7b94b883aa981"},
    {file = "lazy_object_proxy-1.6.0-cp37-cp37m-manylinux2014_aarch64.whl", hash = "sha256:22ddd618cefe54305df49e4c069fa65715be4ad0e78e8d252a33debf00f6ede2"},
    {file = "lazy_object_proxy-1.6.0-cp37-cp37m-win32.whl", hash = "sha256:9d397bf41caad3f489e10774667310d73cb9c4258e9aed94b9ec734b34b495fd"},
    {file = "lazy_object_proxy-1.6.0-cp37-cp37m-win_amd64.whl", hash = "sha256:24a5045889cc2729033b3e604d496c2b6f588c754f7a62027ad4437a7ecc4837"},
    {file = "lazy_object_proxy-1.6.0-cp38-cp38-manylinux1_x86_64.whl", hash = "sha256:17e0967ba374fc24141738c69736da90e94419338fd4c7c7bef01ee26b339653"},
    {file = "lazy_object_proxy-1.6.0-cp38-cp38-manylinux2014_aarch64.whl", hash = "sha256:410283732af311b51b837894fa2f24f2c0039aa7f220135192b38fcc42bd43d3"},
    {file = "lazy_object_proxy-1.6.0-cp38-cp38-win32.whl", hash = "sha256:85fb7608121fd5621cc4377a8961d0b32ccf84a7285b4f1d21988b2eae2868e8"},
    {file = "lazy_object_proxy-1.6.0-cp38-cp38-win_amd64.whl", hash = "sha256:d1c2676e3d840852a2de7c7d5d76407c772927addff8d742b9808fe0afccebdf"},
    {file = "lazy_object_proxy-1.6.0-cp39-cp39-macosx_10_14_x86_64.whl", hash = "sha256:b865b01a2e7f96db0c5d12cfea590f98d8c5ba64ad222300d93ce6ff9138bcad"},
    {file = "lazy_object_proxy-1.6.0-cp39-cp39-manylinux1_x86_64.whl", hash = "sha256:4732c765372bd78a2d6b2150a6e99d00a78ec963375f236979c0626b97ed8e43"},
    {file = "lazy_object_proxy-1.6.0-cp39-cp39-manylinux2014_aarch64.whl", hash = "sha256:9698110e36e2df951c7c36b6729e96429c9c32b3331989ef19976592c5f3c77a"},
    {file = "lazy_object_proxy-1.6.0-cp39-cp39-win32.whl", hash = "sha256:1fee665d2638491f4d6e55bd483e15ef21f6c8c2095f235fef72601021e64f61"},
    {file = "lazy_object_proxy-1.6.0-cp39-cp39-win_amd64.whl", hash = "sha256:f5144c75445ae3ca2057faac03fda5a902eff196702b0a24daf1d6ce0650514b"},
]
littleutils = [
    {file = "littleutils-0.2.2.tar.gz", hash = "sha256:e6cae3a4203e530d51c9667ed310ffe3b1948f2876e3d69605b3de4b7d96916f"},
]
mccabe = [
    {file = "mccabe-0.6.1-py2.py3-none-any.whl", hash = "sha256:ab8a6258860da4b6677da4bd2fe5dc2c659cff31b3ee4f7f5d64e79735b80d42"},
    {file = "mccabe-0.6.1.tar.gz", hash = "sha256:dd8d182285a0fe56bace7f45b5e7d1a6ebcbf524e8f3bd87eb0f125271b8831f"},
]
more-itertools = [
    {file = "more-itertools-8.8.0.tar.gz", hash = "sha256:83f0308e05477c68f56ea3a888172c78ed5d5b3c282addb67508e7ba6c8f813a"},
    {file = "more_itertools-8.8.0-py3-none-any.whl", hash = "sha256:2cf89ec599962f2ddc4d568a05defc40e0a587fbc10d5989713638864c36be4d"},
]
outdated = [
    {file = "outdated-0.2.1-py3-none-any.whl", hash = "sha256:177e381857c10c410dc643b48ace8753ab977d5ae39642297a7f76eb4a3c1c8e"},
]
packaging = [
    {file = "packaging-21.0-py3-none-any.whl", hash = "sha256:c86254f9220d55e31cc94d69bade760f0847da8000def4dfe1c6b872fd14ff14"},
    {file = "packaging-21.0.tar.gz", hash = "sha256:7dc96269f53a4ccec5c0670940a4281106dd0bb343f47b7471f779df49c2fbe7"},
]
platformdirs = [
    {file = "platformdirs-2.2.0-py3-none-any.whl", hash = "sha256:4666d822218db6a262bdfdc9c39d21f23b4cfdb08af331a81e92751daf6c866c"},
    {file = "platformdirs-2.2.0.tar.gz", hash = "sha256:632daad3ab546bd8e6af0537d09805cec458dce201bccfe23012df73332e181e"},
]
pluggy = [
    {file = "pluggy-0.13.1-py2.py3-none-any.whl", hash = "sha256:966c145cd83c96502c3c3868f50408687b38434af77734af1e9ca461a4081d2d"},
    {file = "pluggy-0.13.1.tar.gz", hash = "sha256:15b2acde666561e1298d71b523007ed7364de07029219b604cf808bfa1c765b0"},
]
py = [
    {file = "py-1.10.0-py2.py3-none-any.whl", hash = "sha256:3b80836aa6d1feeaa108e046da6423ab8f6ceda6468545ae8d02d9d58d18818a"},
    {file = "py-1.10.0.tar.gz", hash = "sha256:21b81bda15b66ef5e1a777a21c4dcd9c20ad3efd0b3f817e7a809035269e1bd3"},
]
pyassert = [
    {file = "pyassert-0.4.2.tar.gz", hash = "sha256:ccae35ca67605f997d97f94b8f2ef0e57fb42274fec5c67571f127a378fa10d4"},
]
pylint = [
    {file = "pylint-2.10.2-py3-none-any.whl", hash = "sha256:e178e96b6ba171f8ef51fbce9ca30931e6acbea4a155074d80cc081596c9e852"},
    {file = "pylint-2.10.2.tar.gz", hash = "sha256:6758cce3ddbab60c52b57dcc07f0c5d779e5daf0cf50f6faacbef1d3ea62d2a1"},
]
pyparsing = [
    {file = "pyparsing-2.4.7-py2.py3-none-any.whl", hash = "sha256:ef9d7589ef3c200abe66653d3f1ab1033c3c419ae9b9bdb1240a85b024efc88b"},
    {file = "pyparsing-2.4.7.tar.gz", hash = "sha256:c203ec8783bf771a155b207279b9bccb8dea02d8f0c9e5f8ead507bc3246ecc1"},
]
pytest = [
    {file = "pytest-4.6.11-py2.py3-none-any.whl", hash = "sha256:a00a7d79cbbdfa9d21e7d0298392a8dd4123316bfac545075e6f8f24c94d8c97"},
    {file = "pytest-4.6.11.tar.gz", hash = "sha256:50fa82392f2120cc3ec2ca0a75ee615be4c479e66669789771f1758332be4353"},
]
python-dateutil = [
    {file = "python-dateutil-2.8.2.tar.gz", hash = "sha256:0123cacc1627ae19ddf3c27a5de5bd67ee4586fbdd6440d9748f8abb483d3e86"},
    {file = "python_dateutil-2.8.2-py2.py3-none-any.whl", hash = "sha256:961d03dc3453ebbc59dbdea9e4e11c5651520a876d0f4db161e8674aae935da9"},
]
pyyaml = [
    {file = "PyYAML-5.4.1-cp27-cp27m-macosx_10_9_x86_64.whl", hash = "sha256:3b2b1824fe7112845700f815ff6a489360226a5609b96ec2190a45e62a9fc922"},
    {file = "PyYAML-5.4.1-cp27-cp27m-win32.whl", hash = "sha256:129def1b7c1bf22faffd67b8f3724645203b79d8f4cc81f674654d9902cb4393"},
    {file = "PyYAML-5.4.1-cp27-cp27m-win_amd64.whl", hash = "sha256:4465124ef1b18d9ace298060f4eccc64b0850899ac4ac53294547536533800c8"},
    {file = "PyYAML-5.4.1-cp27-cp27mu-manylinux1_x86_64.whl", hash = "sha256:bb4191dfc9306777bc594117aee052446b3fa88737cd13b7188d0e7aa8162185"},
    {file = "PyYAML-5.4.1-cp36-cp36m-macosx_10_9_x86_64.whl", hash = "sha256:6c78645d400265a062508ae399b60b8c167bf003db364ecb26dcab2bda048253"},
    {file = "PyYAML-5.4.1-cp36-cp36m-manylinux1_x86_64.whl", hash = "sha256:4e0583d24c881e14342eaf4ec5fbc97f934b999a6828693a99157fde912540cc"},
    {file = "PyYAML-5.4.1-cp36-cp36m-win32.whl", hash = "sha256:3bd0e463264cf257d1ffd2e40223b197271046d09dadf73a0fe82b9c1fc385a5"},
    {file = "PyYAML-5.4.1-cp36-cp36m-win_amd64.whl", hash = "sha256:e4fac90784481d221a8e4b1162afa7c47ed953be40d31ab4629ae917510051df"},
    {file = "PyYAML-5.4.1-cp37-cp37m-macosx_10_9_x86_64.whl", hash = "sha256:5accb17103e43963b80e6f837831f38d314a0495500067cb25afab2e8d7a4018"},
    {file = "PyYAML-5.4.1-cp37-cp37m-manylinux1_x86_64.whl", hash = "sha256:e1d4970ea66be07ae37a3c2e48b5ec63f7ba6804bdddfdbd3cfd954d25a82e63"},
    {file = "PyYAML-5.4.1-cp37-cp37m-win32.whl", hash = "sha256:dd5de0646207f053eb0d6c74ae45ba98c3395a571a2891858e87df7c9b9bd51b"},
    {file = "PyYAML-5.4.1-cp37-cp37m-win_amd64.whl", hash = "sha256:08682f6b72c722394747bddaf0aa62277e02557c0fd1c42cb853016a38f8dedf"},
    {file = "PyYAML-5.4.1-cp38-cp38-macosx_10_9_x86_64.whl", hash = "sha256:d2d9808ea7b4af864f35ea216be506ecec180628aced0704e34aca0b040ffe46"},
    {file = "PyYAML-5.4.1-cp38-cp38-manylinux1_x86_64.whl", hash = "sha256:8c1be557ee92a20f184922c7b6424e8ab6691788e6d86137c5d93c1a6ec1b8fb"},
    {file = "PyYAML-5.4.1-cp38-cp38-win32.whl", hash = "sha256:fa5ae20527d8e831e8230cbffd9f8fe952815b2b7dae6ffec25318803a7528fc"},
    {file = "PyYAML-5.4.1-cp38-cp38-win_amd64.whl", hash = "sha256:0f5f5786c0e09baddcd8b4b45f20a7b5d61a7e7e99846e3c799b05c7c53fa696"},
    {file = "PyYAML-5.4.1-cp39-cp39-macosx_10_9_x86_64.whl", hash = "sha256:294db365efa064d00b8d1ef65d8ea2c3426ac366c0c4368d930bf1c5fb497f77"},
    {file = "PyYAML-5.4.1-cp39-cp39-manylinux1_x86_64.whl", hash = "sha256:74c1485f7707cf707a7aef42ef6322b8f97921bd89be2ab6317fd782c2d53183"},
    {file = "PyYAML-5.4.1-cp39-cp39-win32.whl", hash = "sha256:49d4cdd9065b9b6e206d0595fee27a96b5dd22618e7520c33204a4a3239d5b10"},
    {file = "PyYAML-5.4.1-cp39-cp39-win_amd64.whl", hash = "sha256:c20cfa2d49991c8b4147af39859b167664f2ad4561704ee74c1de03318e898db"},
    {file = "PyYAML-5.4.1.tar.gz", hash = "sha256:607774cbba28732bfa802b54baa7484215f530991055bb562efbed5b2f20a45e"},
]
requests = [
    {file = "requests-2.26.0-py2.py3-none-any.whl", hash = "sha256:6c1246513ecd5ecd4528a0906f910e8f0f9c6b8ec72030dc9fd154dc1a6efd24"},
    {file = "requests-2.26.0.tar.gz", hash = "sha256:b8aa58f8cf793ffd8782d3d8cb19e66ef36f7aba4353eec859e74678b01b07a7"},
]
rope = [
    {file = "rope-0.18.0.tar.gz", hash = "sha256:786b5c38c530d4846aa68a42604f61b4e69a493390e3ca11b88df0fbfdc3ed04"},
]
s3transfer = [
    {file = "s3transfer-0.5.0-py3-none-any.whl", hash = "sha256:9c1dc369814391a6bda20ebbf4b70a0f34630592c9aa520856bf384916af2803"},
    {file = "s3transfer-0.5.0.tar.gz", hash = "sha256:50ed823e1dc5868ad40c8dc92072f757aa0e653a192845c94a3b676f4a62da4c"},
]
six = [
    {file = "six-1.16.0-py2.py3-none-any.whl", hash = "sha256:8abb2f1d86890a2dfb989f9a77cfcfd3e47c2a354b01111771326f8aa26e0254"},
    {file = "six-1.16.0.tar.gz", hash = "sha256:1e61c37477a1626458e36f7b1d82aa5c9b094fa4802892072e49de9c60c4c926"},
]
tabulate = [
    {file = "tabulate-0.8.9-py3-none-any.whl", hash = "sha256:d7c013fe7abbc5e491394e10fa845f8f32fe54f8dc60c6622c6cf482d25d47e4"},
    {file = "tabulate-0.8.9.tar.gz", hash = "sha256:eb1d13f25760052e8931f2ef80aaf6045a6cceb47514db8beab24cded16f13a7"},
]
termcolor = [
    {file = "termcolor-1.1.0.tar.gz", hash = "sha256:1d6d69ce66211143803fbc56652b41d73b4a400a2891d7bf7a1cdf4c02de613b"},
]
toml = [
    {file = "toml-0.10.2-py2.py3-none-any.whl", hash = "sha256:806143ae5bfb6a3c6e736a764057db0e6a0e05e338b5630894a5f779cabb4f9b"},
    {file = "toml-0.10.2.tar.gz", hash = "sha256:b3bda1d108d5dd99f4a20d24d9c348e91c4db7ab1b749200bded2f839ccbe68f"},
]
typed-ast = [
    {file = "typed_ast-1.4.3-cp35-cp35m-manylinux1_i686.whl", hash = "sha256:2068531575a125b87a41802130fa7e29f26c09a2833fea68d9a40cf33902eba6"},
    {file = "typed_ast-1.4.3-cp35-cp35m-manylinux1_x86_64.whl", hash = "sha256:c907f561b1e83e93fad565bac5ba9c22d96a54e7ea0267c708bffe863cbe4075"},
    {file = "typed_ast-1.4.3-cp35-cp35m-manylinux2014_aarch64.whl", hash = "sha256:1b3ead4a96c9101bef08f9f7d1217c096f31667617b58de957f690c92378b528"},
    {file = "typed_ast-1.4.3-cp35-cp35m-win32.whl", hash = "sha256:dde816ca9dac1d9c01dd504ea5967821606f02e510438120091b84e852367428"},
    {file = "typed_ast-1.4.3-cp35-cp35m-win_amd64.whl", hash = "sha256:777a26c84bea6cd934422ac2e3b78863a37017618b6e5c08f92ef69853e765d3"},
    {file = "typed_ast-1.4.3-cp36-cp36m-macosx_10_9_x86_64.whl", hash = "sha256:f8afcf15cc511ada719a88e013cec87c11aff7b91f019295eb4530f96fe5ef2f"},
    {file = "typed_ast-1.4.3-cp36-cp36m-manylinux1_i686.whl", hash = "sha256:52b1eb8c83f178ab787f3a4283f68258525f8d70f778a2f6dd54d3b5e5fb4341"},
    {file = "typed_ast-1.4.3-cp36-cp36m-manylinux1_x86_64.whl", hash = "sha256:01ae5f73431d21eead5015997ab41afa53aa1fbe252f9da060be5dad2c730ace"},
    {file = "typed_ast-1.4.3-cp36-cp36m-manylinux2014_aarch64.whl", hash = "sha256:c190f0899e9f9f8b6b7863debfb739abcb21a5c054f911ca3596d12b8a4c4c7f"},
    {file = "typed_ast-1.4.3-cp36-cp36m-win32.whl", hash = "sha256:398e44cd480f4d2b7ee8d98385ca104e35c81525dd98c519acff1b79bdaac363"},
    {file = "typed_ast-1.4.3-cp36-cp36m-win_amd64.whl", hash = "sha256:bff6ad71c81b3bba8fa35f0f1921fb24ff4476235a6e94a26ada2e54370e6da7"},
    {file = "typed_ast-1.4.3-cp37-cp37m-macosx_10_9_x86_64.whl", hash = "sha256:0fb71b8c643187d7492c1f8352f2c15b4c4af3f6338f21681d3681b3dc31a266"},
    {file = "typed_ast-1.4.3-cp37-cp37m-manylinux1_i686.whl", hash = "sha256:760ad187b1041a154f0e4d0f6aae3e40fdb51d6de16e5c99aedadd9246450e9e"},
    {file = "typed_ast-1.4.3-cp37-cp37m-manylinux1_x86_64.whl", hash = "sha256:5feca99c17af94057417d744607b82dd0a664fd5e4ca98061480fd8b14b18d04"},
    {file = "typed_ast-1.4.3-cp37-cp37m-manylinux2014_aarch64.whl", hash = "sha256:95431a26309a21874005845c21118c83991c63ea800dd44843e42a916aec5899"},
    {file = "typed_ast-1.4.3-cp37-cp37m-win32.whl", hash = "sha256:aee0c1256be6c07bd3e1263ff920c325b59849dc95392a05f258bb9b259cf39c"},
    {file = "typed_ast-1.4.3-cp37-cp37m-win_amd64.whl", hash = "sha256:9ad2c92ec681e02baf81fdfa056fe0d818645efa9af1f1cd5fd6f1bd2bdfd805"},
    {file = "typed_ast-1.4.3-cp38-cp38-macosx_10_9_x86_64.whl", hash = "sha256:b36b4f3920103a25e1d5d024d155c504080959582b928e91cb608a65c3a49e1a"},
    {file = "typed_ast-1.4.3-cp38-cp38-manylinux1_i686.whl", hash = "sha256:067a74454df670dcaa4e59349a2e5c81e567d8d65458d480a5b3dfecec08c5ff"},
    {file = "typed_ast-1.4.3-cp38-cp38-manylinux1_x86_64.whl", hash = "sha256:7538e495704e2ccda9b234b82423a4038f324f3a10c43bc088a1636180f11a41"},
    {file = "typed_ast-1.4.3-cp38-cp38-manylinux2014_aarch64.whl", hash = "sha256:af3d4a73793725138d6b334d9d247ce7e5f084d96284ed23f22ee626a7b88e39"},
    {file = "typed_ast-1.4.3-cp38-cp38-win32.whl", hash = "sha256:f2362f3cb0f3172c42938946dbc5b7843c2a28aec307c49100c8b38764eb6927"},
    {file = "typed_ast-1.4.3-cp38-cp38-win_amd64.whl", hash = "sha256:dd4a21253f42b8d2b48410cb31fe501d32f8b9fbeb1f55063ad102fe9c425e40"},
    {file = "typed_ast-1.4.3-cp39-cp39-macosx_10_9_x86_64.whl", hash = "sha256:f328adcfebed9f11301eaedfa48e15bdece9b519fb27e6a8c01aa52a17ec31b3"},
    {file = "typed_ast-1.4.3-cp39-cp39-manylinux1_i686.whl", hash = "sha256:2c726c276d09fc5c414693a2de063f521052d9ea7c240ce553316f70656c84d4"},
    {file = "typed_ast-1.4.3-cp39-cp39-manylinux1_x86_64.whl", hash = "sha256:cae53c389825d3b46fb37538441f75d6aecc4174f615d048321b716df2757fb0"},
    {file = "typed_ast-1.4.3-cp39-cp39-manylinux2014_aarch64.whl", hash = "sha256:b9574c6f03f685070d859e75c7f9eeca02d6933273b5e69572e5ff9d5e3931c3"},
    {file = "typed_ast-1.4.3-cp39-cp39-win32.whl", hash = "sha256:209596a4ec71d990d71d5e0d312ac935d86930e6eecff6ccc7007fe54d703808"},
    {file = "typed_ast-1.4.3-cp39-cp39-win_amd64.whl", hash = "sha256:9c6d1a54552b5330bc657b7ef0eae25d00ba7ffe85d9ea8ae6540d2197a3788c"},
    {file = "typed_ast-1.4.3.tar.gz", hash = "sha256:fb1bbeac803adea29cedd70781399c99138358c26d05fcbd23c13016b7f5ec65"},
]
typing-extensions = [
    {file = "typing_extensions-3.10.0.0-py2-none-any.whl", hash = "sha256:0ac0f89795dd19de6b97debb0c6af1c70987fd80a2d62d1958f7e56fcc31b497"},
    {file = "typing_extensions-3.10.0.0-py3-none-any.whl", hash = "sha256:779383f6086d90c99ae41cf0ff39aac8a7937a9283ce0a414e5dd782f4c94a84"},
    {file = "typing_extensions-3.10.0.0.tar.gz", hash = "sha256:50b6f157849174217d0656f99dc82fe932884fb250826c18350e159ec6cdf342"},
]
urllib3 = [
    {file = "urllib3-1.26.6-py2.py3-none-any.whl", hash = "sha256:39fb8672126159acb139a7718dd10806104dec1e2f0f6c88aab05d17df10c8d4"},
    {file = "urllib3-1.26.6.tar.gz", hash = "sha256:f57b4c16c62fa2760b7e3d97c35b255512fb6b59a259730f36ba32ce9f8e342f"},
]
wcwidth = [
    {file = "wcwidth-0.2.5-py2.py3-none-any.whl", hash = "sha256:beb4802a9cebb9144e99086eff703a642a13d6a0052920003a230f3294bbe784"},
    {file = "wcwidth-0.2.5.tar.gz", hash = "sha256:c4d647b99872929fdb7bdcaa4fbe7f01413ed3d98077df798530e5b04f116c83"},
]
wrapt = [
    {file = "wrapt-1.12.1.tar.gz", hash = "sha256:b62ffa81fb85f4332a4f609cab4ac40709470da05643a082ec1eb88e6d9b97d7"},
]
zipp = [
    {file = "zipp-3.5.0-py3-none-any.whl", hash = "sha256:957cfda87797e389580cb8b9e3870841ca991e2125350677b2ca83a0e99390a3"},
    {file = "zipp-3.5.0.tar.gz", hash = "sha256:f5812b1e007e48cff63449a5e9f4e7ebea716b4111f9c4f9a645f91d579bf0c4"},
]
